// !$*UTF8*$!
{
	archiveVersion = 1;
	classes = {
	};
	objectVersion = 56;
	objects = {

/* Begin PBXBuildFile section */
		D10777262C73637C00E88BB2 /* FakeStoreApiApp.swift in Sources */ = {isa = PBXBuildFile; fileRef = D10777252C73637C00E88BB2 /* FakeStoreApiApp.swift */; };
		D10777282C73637C00E88BB2 /* MainScreen.swift in Sources */ = {isa = PBXBuildFile; fileRef = D10777272C73637C00E88BB2 /* MainScreen.swift */; };
		D107772A2C73638000E88BB2 /* Assets.xcassets in Resources */ = {isa = PBXBuildFile; fileRef = D10777292C73638000E88BB2 /* Assets.xcassets */; };
		D107772D2C73638000E88BB2 /* Preview Assets.xcassets in Resources */ = {isa = PBXBuildFile; fileRef = D107772C2C73638000E88BB2 /* Preview Assets.xcassets */; };
		D10777342C74642500E88BB2 /* Model.swift in Sources */ = {isa = PBXBuildFile; fileRef = D10777332C74642500E88BB2 /* Model.swift */; };
		D10777362C74654D00E88BB2 /* MainScreenViewModel.swift in Sources */ = {isa = PBXBuildFile; fileRef = D10777352C74654D00E88BB2 /* MainScreenViewModel.swift */; };
		D10777382C74780600E88BB2 /* NetworkManager.swift in Sources */ = {isa = PBXBuildFile; fileRef = D10777372C74780600E88BB2 /* NetworkManager.swift */; };
		D107773B2C74807400E88BB2 /* Alamofire in Frameworks */ = {isa = PBXBuildFile; productRef = D107773A2C74807400E88BB2 /* Alamofire */; };
		D1FE63DC2C7853D2008B5A56 /* Kingfisher in Frameworks */ = {isa = PBXBuildFile; productRef = D1FE63DB2C7853D2008B5A56 /* Kingfisher */; };
/* End PBXBuildFile section */

/* Begin PBXFileReference section */
		D10777222C73637C00E88BB2 /* FakeStoreApi.app */ = {isa = PBXFileReference; explicitFileType = wrapper.application; includeInIndex = 0; path = FakeStoreApi.app; sourceTree = BUILT_PRODUCTS_DIR; };
		D10777252C73637C00E88BB2 /* FakeStoreApiApp.swift */ = {isa = PBXFileReference; lastKnownFileType = sourcecode.swift; path = FakeStoreApiApp.swift; sourceTree = "<group>"; };
		D10777272C73637C00E88BB2 /* MainScreen.swift */ = {isa = PBXFileReference; lastKnownFileType = sourcecode.swift; path = MainScreen.swift; sourceTree = "<group>"; };
		D10777292C73638000E88BB2 /* Assets.xcassets */ = {isa = PBXFileReference; lastKnownFileType = folder.assetcatalog; path = Assets.xcassets; sourceTree = "<group>"; };
		D107772C2C73638000E88BB2 /* Preview Assets.xcassets */ = {isa = PBXFileReference; lastKnownFileType = folder.assetcatalog; path = "Preview Assets.xcassets"; sourceTree = "<group>"; };
		D10777332C74642500E88BB2 /* Model.swift */ = {isa = PBXFileReference; lastKnownFileType = sourcecode.swift; path = Model.swift; sourceTree = "<group>"; };
		D10777352C74654D00E88BB2 /* MainScreenViewModel.swift */ = {isa = PBXFileReference; lastKnownFileType = sourcecode.swift; path = MainScreenViewModel.swift; sourceTree = "<group>"; };
		D10777372C74780600E88BB2 /* NetworkManager.swift */ = {isa = PBXFileReference; lastKnownFileType = sourcecode.swift; path = NetworkManager.swift; sourceTree = "<group>"; };
/* End PBXFileReference section */

/* Begin PBXFrameworksBuildPhase section */
		D107771F2C73637C00E88BB2 /* Frameworks */ = {
			isa = PBXFrameworksBuildPhase;
			buildActionMask = 2147483647;
			files = (
				D1FE63DC2C7853D2008B5A56 /* Kingfisher in Frameworks */,
				D107773B2C74807400E88BB2 /* Alamofire in Frameworks */,
			);
			runOnlyForDeploymentPostprocessing = 0;
		};
/* End PBXFrameworksBuildPhase section */

/* Begin PBXGroup section */
		D10777192C73637C00E88BB2 = {
			isa = PBXGroup;
			children = (
				D10777242C73637C00E88BB2 /* FakeStoreApi */,
				D10777232C73637C00E88BB2 /* Products */,
			);
			sourceTree = "<group>";
		};
		D10777232C73637C00E88BB2 /* Products */ = {
			isa = PBXGroup;
			children = (
				D10777222C73637C00E88BB2 /* FakeStoreApi.app */,
			);
			name = Products;
			sourceTree = "<group>";
		};
		D10777242C73637C00E88BB2 /* FakeStoreApi */ = {
			isa = PBXGroup;
			children = (
				D10777252C73637C00E88BB2 /* FakeStoreApiApp.swift */,
				D1D9064A2C78AA1B00579C5D /* MainScreenModule */,
				D1D906492C78A9F800579C5D /* NetworkManager */,
				D10777292C73638000E88BB2 /* Assets.xcassets */,
				D107772B2C73638000E88BB2 /* Preview Content */,
			);
			path = FakeStoreApi;
			sourceTree = "<group>";
		};
		D107772B2C73638000E88BB2 /* Preview Content */ = {
			isa = PBXGroup;
			children = (
				D107772C2C73638000E88BB2 /* Preview Assets.xcassets */,
			);
			path = "Preview Content";
			sourceTree = "<group>";
		};
		D1D906492C78A9F800579C5D /* NetworkManager */ = {
			isa = PBXGroup;
			children = (
				D10777372C74780600E88BB2 /* NetworkManager.swift */,
			);
			path = NetworkManager;
			sourceTree = "<group>";
		};
		D1D9064A2C78AA1B00579C5D /* MainScreenModule */ = {
			isa = PBXGroup;
			children = (
				D10777272C73637C00E88BB2 /* MainScreen.swift */,
				D10777352C74654D00E88BB2 /* MainScreenViewModel.swift */,
				D10777332C74642500E88BB2 /* Model.swift */,
			);
			path = MainScreenModule;
			sourceTree = "<group>";
		};
/* End PBXGroup section */

/* Begin PBXNativeTarget section */
		D10777212C73637C00E88BB2 /* FakeStoreApi */ = {
			isa = PBXNativeTarget;
			buildConfigurationList = D10777302C73638000E88BB2 /* Build configuration list for PBXNativeTarget "FakeStoreApi" */;
			buildPhases = (
				D107771E2C73637C00E88BB2 /* Sources */,
				D107771F2C73637C00E88BB2 /* Frameworks */,
				D10777202C73637C00E88BB2 /* Resources */,
			);
			buildRules = (
			);
			dependencies = (
			);
			name = FakeStoreApi;
			packageProductDependencies = (
				D107773A2C74807400E88BB2 /* Alamofire */,
				D1FE63DB2C7853D2008B5A56 /* Kingfisher */,
			);
			productName = FakeStoreApi;
			productReference = D10777222C73637C00E88BB2 /* FakeStoreApi.app */;
			productType = "com.apple.product-type.application";
		};
/* End PBXNativeTarget section */

/* Begin PBXProject section */
		D107771A2C73637C00E88BB2 /* Project object */ = {
			isa = PBXProject;
			attributes = {
				BuildIndependentTargetsInParallel = 1;
				LastSwiftUpdateCheck = 1500;
				LastUpgradeCheck = 1500;
				TargetAttributes = {
					D10777212C73637C00E88BB2 = {
						CreatedOnToolsVersion = 15.0.1;
					};
				};
			};
			buildConfigurationList = D107771D2C73637C00E88BB2 /* Build configuration list for PBXProject "FakeStoreApi" */;
			compatibilityVersion = "Xcode 14.0";
			developmentRegion = en;
			hasScannedForEncodings = 0;
			knownRegions = (
				en,
				Base,
			);
			mainGroup = D10777192C73637C00E88BB2;
			packageReferences = (
				D10777392C74807400E88BB2 /* XCRemoteSwiftPackageReference "Alamofire" */,
				D1FE63DA2C7853D2008B5A56 /* XCRemoteSwiftPackageReference "Kingfisher" */,
			);
			productRefGroup = D10777232C73637C00E88BB2 /* Products */;
			projectDirPath = "";
			projectRoot = "";
			targets = (
				D10777212C73637C00E88BB2 /* FakeStoreApi */,
			);
		};
/* End PBXProject section */

/* Begin PBXResourcesBuildPhase section */
		D10777202C73637C00E88BB2 /* Resources */ = {
			isa = PBXResourcesBuildPhase;
			buildActionMask = 2147483647;
			files = (
				D107772D2C73638000E88BB2 /* Preview Assets.xcassets in Resources */,
				D107772A2C73638000E88BB2 /* Assets.xcassets in Resources */,
			);
			runOnlyForDeploymentPostprocessing = 0;
		};
/* End PBXResourcesBuildPhase section */

/* Begin PBXSourcesBuildPhase section */
		D107771E2C73637C00E88BB2 /* Sources */ = {
			isa = PBXSourcesBuildPhase;
			buildActionMask = 2147483647;
			files = (
				D10777342C74642500E88BB2 /* Model.swift in Sources */,
				D10777362C74654D00E88BB2 /* MainScreenViewModel.swift in Sources */,
				D10777382C74780600E88BB2 /* NetworkManager.swift in Sources */,
				D10777282C73637C00E88BB2 /* MainScreen.swift in Sources */,
				D10777262C73637C00E88BB2 /* FakeStoreApiApp.swift in Sources */,
			);
			runOnlyForDeploymentPostprocessing = 0;
		};
/* End PBXSourcesBuildPhase section */

/* Begin XCBuildConfiguration section */
		D107772E2C73638000E88BB2 /* Debug */ = {
			isa = XCBuildConfiguration;
			buildSettings = {
				ALWAYS_SEARCH_USER_PATHS = NO;
				ASSETCATALOG_COMPILER_GENERATE_SWIFT_ASSET_SYMBOL_EXTENSIONS = YES;
				CLANG_ANALYZER_NONNULL = YES;
				CLANG_ANALYZER_NUMBER_OBJECT_CONVERSION = YES_AGGRESSIVE;
				CLANG_CXX_LANGUAGE_STANDARD = "gnu++20";
				CLANG_ENABLE_MODULES = YES;
				CLANG_ENABLE_OBJC_ARC = YES;
				CLANG_ENABLE_OBJC_WEAK = YES;
				CLANG_WARN_BLOCK_CAPTURE_AUTORELEASING = YES;
				CLANG_WARN_BOOL_CONVERSION = YES;
				CLANG_WARN_COMMA = YES;
				CLANG_WARN_CONSTANT_CONVERSION = YES;
				CLANG_WARN_DEPRECATED_OBJC_IMPLEMENTATIONS = YES;
				CLANG_WARN_DIRECT_OBJC_ISA_USAGE = YES_ERROR;
				CLANG_WARN_DOCUMENTATION_COMMENTS = YES;
				CLANG_WARN_EMPTY_BODY = YES;
				CLANG_WARN_ENUM_CONVERSION = YES;
				CLANG_WARN_INFINITE_RECURSION = YES;
				CLANG_WARN_INT_CONVERSION = YES;
				CLANG_WARN_NON_LITERAL_NULL_CONVERSION = YES;
				CLANG_WARN_OBJC_IMPLICIT_RETAIN_SELF = YES;
				CLANG_WARN_OBJC_LITERAL_CONVERSION = YES;
				CLANG_WARN_OBJC_ROOT_CLASS = YES_ERROR;
				CLANG_WARN_QUOTED_INCLUDE_IN_FRAMEWORK_HEADER = YES;
				CLANG_WARN_RANGE_LOOP_ANALYSIS = YES;
				CLANG_WARN_STRICT_PROTOTYPES = YES;
				CLANG_WARN_SUSPICIOUS_MOVE = YES;
				CLANG_WARN_UNGUARDED_AVAILABILITY = YES_AGGRESSIVE;
				CLANG_WARN_UNREACHABLE_CODE = YES;
				CLANG_WARN__DUPLICATE_METHOD_MATCH = YES;
				COPY_PHASE_STRIP = NO;
				DEBUG_INFORMATION_FORMAT = dwarf;
				ENABLE_STRICT_OBJC_MSGSEND = YES;
				ENABLE_TESTABILITY = YES;
				ENABLE_USER_SCRIPT_SANDBOXING = YES;
				GCC_C_LANGUAGE_STANDARD = gnu17;
				GCC_DYNAMIC_NO_PIC = NO;
				GCC_NO_COMMON_BLOCKS = YES;
				GCC_OPTIMIZATION_LEVEL = 0;
				GCC_PREPROCESSOR_DEFINITIONS = (
					"DEBUG=1",
					"$(inherited)",
				);
				GCC_WARN_64_TO_32_BIT_CONVERSION = YES;
				GCC_WARN_ABOUT_RETURN_TYPE = YES_ERROR;
				GCC_WARN_UNDECLARED_SELECTOR = YES;
				GCC_WARN_UNINITIALIZED_AUTOS = YES_AGGRESSIVE;
				GCC_WARN_UNUSED_FUNCTION = YES;
				GCC_WARN_UNUSED_VARIABLE = YES;
				IPHONEOS_DEPLOYMENT_TARGET = 17.0;
				LOCALIZATION_PREFERS_STRING_CATALOGS = YES;
				MTL_ENABLE_DEBUG_INFO = INCLUDE_SOURCE;
				MTL_FAST_MATH = YES;
				ONLY_ACTIVE_ARCH = YES;
				SDKROOT = iphoneos;
				SWIFT_ACTIVE_COMPILATION_CONDITIONS = "DEBUG $(inherited)";
				SWIFT_OPTIMIZATION_LEVEL = "-Onone";
			};
			name = Debug;
		};
		D107772F2C73638000E88BB2 /* Release */ = {
			isa = XCBuildConfiguration;
			buildSettings = {
				ALWAYS_SEARCH_USER_PATHS = NO;
				ASSETCATALOG_COMPILER_GENERATE_SWIFT_ASSET_SYMBOL_EXTENSIONS = YES;
				CLANG_ANALYZER_NONNULL = YES;
				CLANG_ANALYZER_NUMBER_OBJECT_CONVERSION = YES_AGGRESSIVE;
				CLANG_CXX_LANGUAGE_STANDARD = "gnu++20";
				CLANG_ENABLE_MODULES = YES;
				CLANG_ENABLE_OBJC_ARC = YES;
				CLANG_ENABLE_OBJC_WEAK = YES;
				CLANG_WARN_BLOCK_CAPTURE_AUTORELEASING = YES;
				CLANG_WARN_BOOL_CONVERSION = YES;
				CLANG_WARN_COMMA = YES;
				CLANG_WARN_CONSTANT_CONVERSION = YES;
				CLANG_WARN_DEPRECATED_OBJC_IMPLEMENTATIONS = YES;
				CLANG_WARN_DIRECT_OBJC_ISA_USAGE = YES_ERROR;
				CLANG_WARN_DOCUMENTATION_COMMENTS = YES;
				CLANG_WARN_EMPTY_BODY = YES;
				CLANG_WARN_ENUM_CONVERSION = YES;
				CLANG_WARN_INFINITE_RECURSION = YES;
				CLANG_WARN_INT_CONVERSION = YES;
				CLANG_WARN_NON_LITERAL_NULL_CONVERSION = YES;
				CLANG_WARN_OBJC_IMPLICIT_RETAIN_SELF = YES;
				CLANG_WARN_OBJC_LITERAL_CONVERSION = YES;
				CLANG_WARN_OBJC_ROOT_CLASS = YES_ERROR;
				CLANG_WARN_QUOTED_INCLUDE_IN_FRAMEWORK_HEADER = YES;
				CLANG_WARN_RANGE_LOOP_ANALYSIS = YES;
				CLANG_WARN_STRICT_PROTOTYPES = YES;
				CLANG_WARN_SUSPICIOUS_MOVE = YES;
				CLANG_WARN_UNGUARDED_AVAILABILITY = YES_AGGRESSIVE;
				CLANG_WARN_UNREACHABLE_CODE = YES;
				CLANG_WARN__DUPLICATE_METHOD_MATCH = YES;
				COPY_PHASE_STRIP = NO;
				DEBUG_INFORMATION_FORMAT = "dwarf-with-dsym";
				ENABLE_NS_ASSERTIONS = NO;
				ENABLE_STRICT_OBJC_MSGSEND = YES;
				ENABLE_USER_SCRIPT_SANDBOXING = YES;
				GCC_C_LANGUAGE_STANDARD = gnu17;
				GCC_NO_COMMON_BLOCKS = YES;
				GCC_WARN_64_TO_32_BIT_CONVERSION = YES;
				GCC_WARN_ABOUT_RETURN_TYPE = YES_ERROR;
				GCC_WARN_UNDECLARED_SELECTOR = YES;
				GCC_WARN_UNINITIALIZED_AUTOS = YES_AGGRESSIVE;
				GCC_WARN_UNUSED_FUNCTION = YES;
				GCC_WARN_UNUSED_VARIABLE = YES;
				IPHONEOS_DEPLOYMENT_TARGET = 17.0;
				LOCALIZATION_PREFERS_STRING_CATALOGS = YES;
				MTL_ENABLE_DEBUG_INFO = NO;
				MTL_FAST_MATH = YES;
				SDKROOT = iphoneos;
				SWIFT_COMPILATION_MODE = wholemodule;
				VALIDATE_PRODUCT = YES;
			};
			name = Release;
		};
		D10777312C73638000E88BB2 /* Debug */ = {
			isa = XCBuildConfiguration;
			buildSettings = {
				ASSETCATALOG_COMPILER_APPICON_NAME = AppIcon;
				ASSETCATALOG_COMPILER_GLOBAL_ACCENT_COLOR_NAME = AccentColor;
				CODE_SIGN_STYLE = Automatic;
				CURRENT_PROJECT_VERSION = 1;
				DEVELOPMENT_ASSET_PATHS = "\"FakeStoreApi/Preview Content\"";
				DEVELOPMENT_TEAM = 8KV7G2XJQV;
				ENABLE_PREVIEWS = YES;
				GENERATE_INFOPLIST_FILE = YES;
				INFOPLIST_KEY_UIApplicationSceneManifest_Generation = YES;
				INFOPLIST_KEY_UIApplicationSupportsIndirectInputEvents = YES;
				INFOPLIST_KEY_UILaunchScreen_Generation = YES;
				INFOPLIST_KEY_UISupportedInterfaceOrientations_iPad = "UIInterfaceOrientationPortrait UIInterfaceOrientationPortraitUpsideDown UIInterfaceOrientationLandscapeLeft UIInterfaceOrientationLandscapeRight";
				INFOPLIST_KEY_UISupportedInterfaceOrientations_iPhone = "UIInterfaceOrientationPortrait UIInterfaceOrientationLandscapeLeft UIInterfaceOrientationLandscapeRight";
				LD_RUNPATH_SEARCH_PATHS = (
					"$(inherited)",
					"@executable_path/Frameworks",
				);
				MARKETING_VERSION = 1.0;
				PRODUCT_BUNDLE_IDENTIFIER = A.FakeStoreApi;
				PRODUCT_NAME = "$(TARGET_NAME)";
				SWIFT_EMIT_LOC_STRINGS = YES;
				SWIFT_VERSION = 5.0;
				TARGETED_DEVICE_FAMILY = "1,2";
			};
			name = Debug;
		};
		D10777322C73638000E88BB2 /* Release */ = {
			isa = XCBuildConfiguration;
			buildSettings = {
				ASSETCATALOG_COMPILER_APPICON_NAME = AppIcon;
				ASSETCATALOG_COMPILER_GLOBAL_ACCENT_COLOR_NAME = AccentColor;
				CODE_SIGN_STYLE = Automatic;
				CURRENT_PROJECT_VERSION = 1;
				DEVELOPMENT_ASSET_PATHS = "\"FakeStoreApi/Preview Content\"";
				DEVELOPMENT_TEAM = 8KV7G2XJQV;
				ENABLE_PREVIEWS = YES;
				GENERATE_INFOPLIST_FILE = YES;
				INFOPLIST_KEY_UIApplicationSceneManifest_Generation = YES;
				INFOPLIST_KEY_UIApplicationSupportsIndirectInputEvents = YES;
				INFOPLIST_KEY_UILaunchScreen_Generation = YES;
				INFOPLIST_KEY_UISupportedInterfaceOrientations_iPad = "UIInterfaceOrientationPortrait UIInterfaceOrientationPortraitUpsideDown UIInterfaceOrientationLandscapeLeft UIInterfaceOrientationLandscapeRight";
				INFOPLIST_KEY_UISupportedInterfaceOrientations_iPhone = "UIInterfaceOrientationPortrait UIInterfaceOrientationLandscapeLeft UIInterfaceOrientationLandscapeRight";
				LD_RUNPATH_SEARCH_PATHS = (
					"$(inherited)",
					"@executable_path/Frameworks",
				);
				MARKETING_VERSION = 1.0;
				PRODUCT_BUNDLE_IDENTIFIER = A.FakeStoreApi;
				PRODUCT_NAME = "$(TARGET_NAME)";
				SWIFT_EMIT_LOC_STRINGS = YES;
				SWIFT_VERSION = 5.0;
				TARGETED_DEVICE_FAMILY = "1,2";
			};
			name = Release;
		};
/* End XCBuildConfiguration section */

/* Begin XCConfigurationList section */
		D107771D2C73637C00E88BB2 /* Build configuration list for PBXProject "FakeStoreApi" */ = {
			isa = XCConfigurationList;
			buildConfigurations = (
				D107772E2C73638000E88BB2 /* Debug */,
				D107772F2C73638000E88BB2 /* Release */,
			);
			defaultConfigurationIsVisible = 0;
			defaultConfigurationName = Release;
		};
		D10777302C73638000E88BB2 /* Build configuration list for PBXNativeTarget "FakeStoreApi" */ = {
			isa = XCConfigurationList;
			buildConfigurations = (
				D10777312C73638000E88BB2 /* Debug */,
				D10777322C73638000E88BB2 /* Release */,
			);
			defaultConfigurationIsVisible = 0;
			defaultConfigurationName = Release;
		};
/* End XCConfigurationList section */

/* Begin XCRemoteSwiftPackageReference section */
		D10777392C74807400E88BB2 /* XCRemoteSwiftPackageReference "Alamofire" */ = {
			isa = XCRemoteSwiftPackageReference;
			repositoryURL = "https://github.com/Alamofire/Alamofire";
			requirement = {
				kind = upToNextMajorVersion;
				minimumVersion = 5.9.1;
			};
		};
		D1FE63DA2C7853D2008B5A56 /* XCRemoteSwiftPackageReference "Kingfisher" */ = {
			isa = XCRemoteSwiftPackageReference;
			repositoryURL = "https://github.com/onevcat/Kingfisher.git";
			requirement = {
				kind = upToNextMajorVersion;
				minimumVersion = 7.12.0;
			};
		};
/* End XCRemoteSwiftPackageReference section */

/* Begin XCSwiftPackageProductDependency section */
		D107773A2C74807400E88BB2 /* Alamofire */ = {
			isa = XCSwiftPackageProductDependency;
			package = D10777392C74807400E88BB2 /* XCRemoteSwiftPackageReference "Alamofire" */;
			productName = Alamofire;
		};
		D1FE63DB2C7853D2008B5A56 /* Kingfisher */ = {
			isa = XCSwiftPackageProductDependency;
			package = D1FE63DA2C7853D2008B5A56 /* XCRemoteSwiftPackageReference "Kingfisher" */;
			productName = Kingfisher;
		};
/* End XCSwiftPackageProductDependency section */
	};
	rootObject = D107771A2C73637C00E88BB2 /* Project object */;
}
